
Microsoft Visual Studio Solution File, Format Version 12.00
# Visual Studio Version 16
VisualStudioVersion = 16.0.30717.126
MinimumVisualStudioVersion = 10.0.40219.1
Project("{FAE04EC0-301F-11D3-BF4B-00C04F79EFBC}") = "Kserokopiarka", "Kserokopiarka.csproj", "{EC476B1C-9319-496D-A9C2-B9546B3AD143}"
EndProject
Project("{2150E333-8FDC-42A3-9474-1A3956D46DE8}") = "Solution Items", "Solution Items", "{13FF5EA7-17AA-4CF0-A3E7-8D363D3D8A13}"
EndProject
Global
	GlobalSection(SolutionConfigurationPlatforms) = preSolution
		Debug|Any CPU = Debug|Any CPU
		Release|Any CPU = Release|Any CPU
	EndGlobalSection
	GlobalSection(ProjectConfigurationPlatforms) = postSolution
		{EC476B1C-9319-496D-A9C2-B9546B3AD143}.Debug|Any CPU.ActiveCfg = Debug|Any CPU
		{EC476B1C-9319-496D-A9C2-B9546B3AD143}.Debug|Any CPU.Build.0 = Debug|Any CPU
		{EC476B1C-9319-496D-A9C2-B9546B3AD143}.Release|Any CPU.ActiveCfg = Release|Any CPU
		{EC476B1C-9319-496D-A9C2-B9546B3AD143}.Release|Any CPU.Build.0 = Release|Any CPU
	EndGlobalSection
	GlobalSection(SolutionProperties) = preSolution
		HideSolutionNode = FALSE
	EndGlobalSection
	GlobalSection(ExtensibilityGlobals) = postSolution
		SolutionGuid = {21315BB4-24A2-40CF-857F-4434BD7D6984}
	EndGlobalSection
EndGlobal
